
Microsoft Visual Studio Solution File, Format Version 12.00
# Visual Studio 2012
Project("{FAE04EC0-301F-11D3-BF4B-00C04F79EFBC}") = "Final_Proj_Prog_3_7", "Final_Proj_Prog_3_7\Final_Proj_Prog_3_7.csproj", "{097C566F-6E54-43EA-8EB2-78F7684C569C}"
EndProject
Global
	GlobalSection(SolutionConfigurationPlatforms) = preSolution
		Debug|Any CPU = Debug|Any CPU
		Release|Any CPU = Release|Any CPU
	EndGlobalSection
	GlobalSection(ProjectConfigurationPlatforms) = postSolution
		{097C566F-6E54-43EA-8EB2-78F7684C569C}.Debug|Any CPU.ActiveCfg = Debug|Any CPU
		{097C566F-6E54-43EA-8EB2-78F7684C569C}.Debug|Any CPU.Build.0 = Debug|Any CPU
		{097C566F-6E54-43EA-8EB2-78F7684C569C}.Release|Any CPU.ActiveCfg = Release|Any CPU
		{097C566F-6E54-43EA-8EB2-78F7684C569C}.Release|Any CPU.Build.0 = Release|Any CPU
	EndGlobalSection
	GlobalSection(SolutionProperties) = preSolution
		HideSolutionNode = FALSE
	EndGlobalSection
EndGlobal
