
Microsoft Visual Studio Solution File, Format Version 12.00
# Visual Studio 2012
Project("{FAE04EC0-301F-11D3-BF4B-00C04F79EFBC}") = "Final_Proj_Prog_3_10", "Final_Proj_Prog_3_10\Final_Proj_Prog_3_10.csproj", "{6ACE8BE3-CB33-43A4-875E-2902B00FAB8E}"
EndProject
Global
	GlobalSection(SolutionConfigurationPlatforms) = preSolution
		Debug|Any CPU = Debug|Any CPU
		Release|Any CPU = Release|Any CPU
	EndGlobalSection
	GlobalSection(ProjectConfigurationPlatforms) = postSolution
		{6ACE8BE3-CB33-43A4-875E-2902B00FAB8E}.Debug|Any CPU.ActiveCfg = Debug|Any CPU
		{6ACE8BE3-CB33-43A4-875E-2902B00FAB8E}.Debug|Any CPU.Build.0 = Debug|Any CPU
		{6ACE8BE3-CB33-43A4-875E-2902B00FAB8E}.Release|Any CPU.ActiveCfg = Release|Any CPU
		{6ACE8BE3-CB33-43A4-875E-2902B00FAB8E}.Release|Any CPU.Build.0 = Release|Any CPU
	EndGlobalSection
	GlobalSection(SolutionProperties) = preSolution
		HideSolutionNode = FALSE
	EndGlobalSection
EndGlobal
